
Microsoft Visual Studio Solution File, Format Version 12.00
# Visual Studio 15
VisualStudioVersion = 15.0.27004.2009
MinimumVisualStudioVersion = 10.0.40219.1
Project("{8BC9CEB8-8B4A-11D0-8D11-00A0C91BC942}") = "av796939581", "av796939581\av796939581.vcxproj", "{7735AFA0-924D-470E-82FC-B1CED99A4944}"
EndProject
Global
	GlobalSection(SolutionConfigurationPlatforms) = preSolution
		Debug|x64 = Debug|x64
		Debug|x86 = Debug|x86
		Release|x64 = Release|x64
		Release|x86 = Release|x86
	EndGlobalSection
	GlobalSection(ProjectConfigurationPlatforms) = postSolution
		{7735AFA0-924D-470E-82FC-B1CED99A4944}.Debug|x64.ActiveCfg = Debug|x64
		{7735AFA0-924D-470E-82FC-B1CED99A4944}.Debug|x64.Build.0 = Debug|x64
		{7735AFA0-924D-470E-82FC-B1CED99A4944}.Debug|x86.ActiveCfg = Debug|Win32
		{7735AFA0-924D-470E-82FC-B1CED99A4944}.Debug|x86.Build.0 = Debug|Win32
		{7735AFA0-924D-470E-82FC-B1CED99A4944}.Release|x64.ActiveCfg = Release|x64
		{7735AFA0-924D-470E-82FC-B1CED99A4944}.Release|x64.Build.0 = Release|x64
		{7735AFA0-924D-470E-82FC-B1CED99A4944}.Release|x86.ActiveCfg = Release|Win32
		{7735AFA0-924D-470E-82FC-B1CED99A4944}.Release|x86.Build.0 = Release|Win32
	EndGlobalSection
	GlobalSection(SolutionProperties) = preSolution
		HideSolutionNode = FALSE
	EndGlobalSection
	GlobalSection(ExtensibilityGlobals) = postSolution
		SolutionGuid = {1B4AFD30-11C4-40F7-94C9-337D6FB8DD9E}
	EndGlobalSection
EndGlobal
